
Microsoft Visual Studio Solution File, Format Version 12.00
# Visual Studio 2013
VisualStudioVersion = 12.0.30723.0
MinimumVisualStudioVersion = 10.0.40219.1
Project("{FAE04EC0-301F-11D3-BF4B-00C04F79EFBC}") = "Program5", "Program5\Program5.csproj", "{136F209A-65CE-4FB2-8BAE-DFA2A3E5B31A}"
EndProject
Project("{FAE04EC0-301F-11D3-BF4B-00C04F79EFBC}") = "Program5Part2", "Program5Part2\Program5Part2.csproj", "{080A6DA0-0DF6-444A-8644-C47211C18576}"
EndProject
Global
	GlobalSection(SolutionConfigurationPlatforms) = preSolution
		Debug|Any CPU = Debug|Any CPU
		Release|Any CPU = Release|Any CPU
	EndGlobalSection
	GlobalSection(ProjectConfigurationPlatforms) = postSolution
		{136F209A-65CE-4FB2-8BAE-DFA2A3E5B31A}.Debug|Any CPU.ActiveCfg = Debug|Any CPU
		{136F209A-65CE-4FB2-8BAE-DFA2A3E5B31A}.Debug|Any CPU.Build.0 = Debug|Any CPU
		{136F209A-65CE-4FB2-8BAE-DFA2A3E5B31A}.Release|Any CPU.ActiveCfg = Release|Any CPU
		{136F209A-65CE-4FB2-8BAE-DFA2A3E5B31A}.Release|Any CPU.Build.0 = Release|Any CPU
		{080A6DA0-0DF6-444A-8644-C47211C18576}.Debug|Any CPU.ActiveCfg = Debug|Any CPU
		{080A6DA0-0DF6-444A-8644-C47211C18576}.Debug|Any CPU.Build.0 = Debug|Any CPU
		{080A6DA0-0DF6-444A-8644-C47211C18576}.Release|Any CPU.ActiveCfg = Release|Any CPU
		{080A6DA0-0DF6-444A-8644-C47211C18576}.Release|Any CPU.Build.0 = Release|Any CPU
	EndGlobalSection
	GlobalSection(SolutionProperties) = preSolution
		HideSolutionNode = FALSE
	EndGlobalSection
EndGlobal
